// !$*UTF8*$!
{
	archiveVersion = 1;
	classes = {
	};
	objectVersion = 46;
	objects = {

/* Begin PBXBuildFile section */
		7F52706E1F134CE90020A112 /* main.m in Sources */ = {isa = PBXBuildFile; fileRef = 7F52706D1F134CE90020A112 /* main.m */; };
		7F5270711F134CE90020A112 /* AppDelegate.m in Sources */ = {isa = PBXBuildFile; fileRef = 7F5270701F134CE90020A112 /* AppDelegate.m */; };
		7F5270741F134CE90020A112 /* ViewController.m in Sources */ = {isa = PBXBuildFile; fileRef = 7F5270731F134CE90020A112 /* ViewController.m */; };
		7F5270771F134CE90020A112 /* Main.storyboard in Resources */ = {isa = PBXBuildFile; fileRef = 7F5270751F134CE90020A112 /* Main.storyboard */; };
		7F5270791F134CE90020A112 /* Assets.xcassets in Resources */ = {isa = PBXBuildFile; fileRef = 7F5270781F134CE90020A112 /* Assets.xcassets */; };
		7F52707C1F134CE90020A112 /* LaunchScreen.storyboard in Resources */ = {isa = PBXBuildFile; fileRef = 7F52707A1F134CE90020A112 /* LaunchScreen.storyboard */; };
		7F5270871F134CE90020A112 /* FFAnimatedImageDemoTests.m in Sources */ = {isa = PBXBuildFile; fileRef = 7F5270861F134CE90020A112 /* FFAnimatedImageDemoTests.m */; };
		7F5270921F134CE90020A112 /* FFAnimatedImageDemoUITests.m in Sources */ = {isa = PBXBuildFile; fileRef = 7F5270911F134CE90020A112 /* FFAnimatedImageDemoUITests.m */; };
		7F5270A21F134D8B0020A112 /* FFAnimatedImageView.m in Sources */ = {isa = PBXBuildFile; fileRef = 7F5270A11F134D8B0020A112 /* FFAnimatedImageView.m */; };
		7F5271231F15FEB90020A112 /* FFImage.m in Sources */ = {isa = PBXBuildFile; fileRef = 7F5271221F15FEB90020A112 /* FFImage.m */; };
		7F5271261F160A7F0020A112 /* FFImageDecoder.m in Sources */ = {isa = PBXBuildFile; fileRef = 7F5271251F160A7F0020A112 /* FFImageDecoder.m */; };
/* End PBXBuildFile section */

/* Begin PBXContainerItemProxy section */
		7F5270831F134CE90020A112 /* PBXContainerItemProxy */ = {
			isa = PBXContainerItemProxy;
			containerPortal = 7F5270611F134CE90020A112 /* Project object */;
			proxyType = 1;
			remoteGlobalIDString = 7F5270681F134CE90020A112;
			remoteInfo = FFAnimatedImageDemo;
		};
		7F52708E1F134CE90020A112 /* PBXContainerItemProxy */ = {
			isa = PBXContainerItemProxy;
			containerPortal = 7F5270611F134CE90020A112 /* Project object */;
			proxyType = 1;
			remoteGlobalIDString = 7F5270681F134CE90020A112;
			remoteInfo = FFAnimatedImageDemo;
		};
/* End PBXContainerItemProxy section */

/* Begin PBXFileReference section */
		7F5270691F134CE90020A112 /* FFAnimatedImageDemo.app */ = {isa = PBXFileReference; explicitFileType = wrapper.application; includeInIndex = 0; path = FFAnimatedImageDemo.app; sourceTree = BUILT_PRODUCTS_DIR; };
		7F52706D1F134CE90020A112 /* main.m */ = {isa = PBXFileReference; lastKnownFileType = sourcecode.c.objc; path = main.m; sourceTree = "<group>"; };
		7F52706F1F134CE90020A112 /* AppDelegate.h */ = {isa = PBXFileReference; lastKnownFileType = sourcecode.c.h; path = AppDelegate.h; sourceTree = "<group>"; };
		7F5270701F134CE90020A112 /* AppDelegate.m */ = {isa = PBXFileReference; lastKnownFileType = sourcecode.c.objc; path = AppDelegate.m; sourceTree = "<group>"; };
		7F5270721F134CE90020A112 /* ViewController.h */ = {isa = PBXFileReference; lastKnownFileType = sourcecode.c.h; path = ViewController.h; sourceTree = "<group>"; };
		7F5270731F134CE90020A112 /* ViewController.m */ = {isa = PBXFileReference; lastKnownFileType = sourcecode.c.objc; path = ViewController.m; sourceTree = "<group>"; };
		7F5270761F134CE90020A112 /* Base */ = {isa = PBXFileReference; lastKnownFileType = file.storyboard; name = Base; path = Base.lproj/Main.storyboard; sourceTree = "<group>"; };
		7F5270781F134CE90020A112 /* Assets.xcassets */ = {isa = PBXFileReference; lastKnownFileType = folder.assetcatalog; path = Assets.xcassets; sourceTree = "<group>"; };
		7F52707B1F134CE90020A112 /* Base */ = {isa = PBXFileReference; lastKnownFileType = file.storyboard; name = Base; path = Base.lproj/LaunchScreen.storyboard; sourceTree = "<group>"; };
		7F52707D1F134CE90020A112 /* Info.plist */ = {isa = PBXFileReference; lastKnownFileType = text.plist.xml; path = Info.plist; sourceTree = "<group>"; };
		7F5270821F134CE90020A112 /* FFAnimatedImageDemoTests.xctest */ = {isa = PBXFileReference; explicitFileType = wrapper.cfbundle; includeInIndex = 0; path = FFAnimatedImageDemoTests.xctest; sourceTree = BUILT_PRODUCTS_DIR; };
		7F5270861F134CE90020A112 /* FFAnimatedImageDemoTests.m */ = {isa = PBXFileReference; lastKnownFileType = sourcecode.c.objc; path = FFAnimatedImageDemoTests.m; sourceTree = "<group>"; };
		7F5270881F134CE90020A112 /* Info.plist */ = {isa = PBXFileReference; lastKnownFileType = text.plist.xml; path = Info.plist; sourceTree = "<group>"; };
		7F52708D1F134CE90020A112 /* FFAnimatedImageDemoUITests.xctest */ = {isa = PBXFileReference; explicitFileType = wrapper.cfbundle; includeInIndex = 0; path = FFAnimatedImageDemoUITests.xctest; sourceTree = BUILT_PRODUCTS_DIR; };
		7F5270911F134CE90020A112 /* FFAnimatedImageDemoUITests.m */ = {isa = PBXFileReference; lastKnownFileType = sourcecode.c.objc; path = FFAnimatedImageDemoUITests.m; sourceTree = "<group>"; };
		7F5270931F134CE90020A112 /* Info.plist */ = {isa = PBXFileReference; lastKnownFileType = text.plist.xml; path = Info.plist; sourceTree = "<group>"; };
		7F5270A01F134D8B0020A112 /* FFAnimatedImageView.h */ = {isa = PBXFileReference; fileEncoding = 4; lastKnownFileType = sourcecode.c.h; path = FFAnimatedImageView.h; sourceTree = "<group>"; };
		7F5270A11F134D8B0020A112 /* FFAnimatedImageView.m */ = {isa = PBXFileReference; fileEncoding = 4; lastKnownFileType = sourcecode.c.objc; path = FFAnimatedImageView.m; sourceTree = "<group>"; };
		7F5271211F15FEB90020A112 /* FFImage.h */ = {isa = PBXFileReference; fileEncoding = 4; lastKnownFileType = sourcecode.c.h; path = FFImage.h; sourceTree = "<group>"; };
		7F5271221F15FEB90020A112 /* FFImage.m */ = {isa = PBXFileReference; fileEncoding = 4; lastKnownFileType = sourcecode.c.objc; path = FFImage.m; sourceTree = "<group>"; };
		7F5271241F160A7F0020A112 /* FFImageDecoder.h */ = {isa = PBXFileReference; fileEncoding = 4; lastKnownFileType = sourcecode.c.h; path = FFImageDecoder.h; sourceTree = "<group>"; };
		7F5271251F160A7F0020A112 /* FFImageDecoder.m */ = {isa = PBXFileReference; fileEncoding = 4; lastKnownFileType = sourcecode.c.objc; path = FFImageDecoder.m; sourceTree = "<group>"; };
/* End PBXFileReference section */

/* Begin PBXFrameworksBuildPhase section */
		7F5270661F134CE90020A112 /* Frameworks */ = {
			isa = PBXFrameworksBuildPhase;
			buildActionMask = 2147483647;
			files = (
			);
			runOnlyForDeploymentPostprocessing = 0;
		};
		7F52707F1F134CE90020A112 /* Frameworks */ = {
			isa = PBXFrameworksBuildPhase;
			buildActionMask = 2147483647;
			files = (
			);
			runOnlyForDeploymentPostprocessing = 0;
		};
		7F52708A1F134CE90020A112 /* Frameworks */ = {
			isa = PBXFrameworksBuildPhase;
			buildActionMask = 2147483647;
			files = (
			);
			runOnlyForDeploymentPostprocessing = 0;
		};
/* End PBXFrameworksBuildPhase section */

/* Begin PBXGroup section */
		7F5270601F134CE90020A112 = {
			isa = PBXGroup;
			children = (
				7F52709F1F134D0F0020A112 /* FFAnimatedImage */,
				7F52706B1F134CE90020A112 /* FFAnimatedImageDemo */,
				7F5270851F134CE90020A112 /* FFAnimatedImageDemoTests */,
				7F5270901F134CE90020A112 /* FFAnimatedImageDemoUITests */,
				7F52706A1F134CE90020A112 /* Products */,
			);
			sourceTree = "<group>";
		};
		7F52706A1F134CE90020A112 /* Products */ = {
			isa = PBXGroup;
			children = (
				7F5270691F134CE90020A112 /* FFAnimatedImageDemo.app */,
				7F5270821F134CE90020A112 /* FFAnimatedImageDemoTests.xctest */,
				7F52708D1F134CE90020A112 /* FFAnimatedImageDemoUITests.xctest */,
			);
			name = Products;
			sourceTree = "<group>";
		};
		7F52706B1F134CE90020A112 /* FFAnimatedImageDemo */ = {
			isa = PBXGroup;
			children = (
				7F52706F1F134CE90020A112 /* AppDelegate.h */,
				7F5270701F134CE90020A112 /* AppDelegate.m */,
				7F5270721F134CE90020A112 /* ViewController.h */,
				7F5270731F134CE90020A112 /* ViewController.m */,
				7F5270751F134CE90020A112 /* Main.storyboard */,
				7F5270781F134CE90020A112 /* Assets.xcassets */,
				7F52707A1F134CE90020A112 /* LaunchScreen.storyboard */,
				7F52707D1F134CE90020A112 /* Info.plist */,
				7F52706C1F134CE90020A112 /* Supporting Files */,
			);
			path = FFAnimatedImageDemo;
			sourceTree = "<group>";
		};
		7F52706C1F134CE90020A112 /* Supporting Files */ = {
			isa = PBXGroup;
			children = (
				7F52706D1F134CE90020A112 /* main.m */,
			);
			name = "Supporting Files";
			sourceTree = "<group>";
		};
		7F5270851F134CE90020A112 /* FFAnimatedImageDemoTests */ = {
			isa = PBXGroup;
			children = (
				7F5270861F134CE90020A112 /* FFAnimatedImageDemoTests.m */,
				7F5270881F134CE90020A112 /* Info.plist */,
			);
			path = FFAnimatedImageDemoTests;
			sourceTree = "<group>";
		};
		7F5270901F134CE90020A112 /* FFAnimatedImageDemoUITests */ = {
			isa = PBXGroup;
			children = (
				7F5270911F134CE90020A112 /* FFAnimatedImageDemoUITests.m */,
				7F5270931F134CE90020A112 /* Info.plist */,
			);
			path = FFAnimatedImageDemoUITests;
			sourceTree = "<group>";
		};
		7F52709F1F134D0F0020A112 /* FFAnimatedImage */ = {
			isa = PBXGroup;
			children = (
				7F5270A01F134D8B0020A112 /* FFAnimatedImageView.h */,
				7F5270A11F134D8B0020A112 /* FFAnimatedImageView.m */,
				7F5271211F15FEB90020A112 /* FFImage.h */,
				7F5271221F15FEB90020A112 /* FFImage.m */,
				7F5271241F160A7F0020A112 /* FFImageDecoder.h */,
				7F5271251F160A7F0020A112 /* FFImageDecoder.m */,
			);
			name = FFAnimatedImage;
			path = ../FFAnimatedImage;
			sourceTree = "<group>";
		};
/* End PBXGroup section */

/* Begin PBXNativeTarget section */
		7F5270681F134CE90020A112 /* FFAnimatedImageDemo */ = {
			isa = PBXNativeTarget;
			buildConfigurationList = 7F5270961F134CE90020A112 /* Build configuration list for PBXNativeTarget "FFAnimatedImageDemo" */;
			buildPhases = (
				7F5270651F134CE90020A112 /* Sources */,
				7F5270661F134CE90020A112 /* Frameworks */,
				7F5270671F134CE90020A112 /* Resources */,
			);
			buildRules = (
			);
			dependencies = (
			);
			name = FFAnimatedImageDemo;
			productName = FFAnimatedImageDemo;
			productReference = 7F5270691F134CE90020A112 /* FFAnimatedImageDemo.app */;
			productType = "com.apple.product-type.application";
		};
		7F5270811F134CE90020A112 /* FFAnimatedImageDemoTests */ = {
			isa = PBXNativeTarget;
			buildConfigurationList = 7F5270991F134CE90020A112 /* Build configuration list for PBXNativeTarget "FFAnimatedImageDemoTests" */;
			buildPhases = (
				7F52707E1F134CE90020A112 /* Sources */,
				7F52707F1F134CE90020A112 /* Frameworks */,
				7F5270801F134CE90020A112 /* Resources */,
			);
			buildRules = (
			);
			dependencies = (
				7F5270841F134CE90020A112 /* PBXTargetDependency */,
			);
			name = FFAnimatedImageDemoTests;
			productName = FFAnimatedImageDemoTests;
			productReference = 7F5270821F134CE90020A112 /* FFAnimatedImageDemoTests.xctest */;
			productType = "com.apple.product-type.bundle.unit-test";
		};
		7F52708C1F134CE90020A112 /* FFAnimatedImageDemoUITests */ = {
			isa = PBXNativeTarget;
			buildConfigurationList = 7F52709C1F134CE90020A112 /* Build configuration list for PBXNativeTarget "FFAnimatedImageDemoUITests" */;
			buildPhases = (
				7F5270891F134CE90020A112 /* Sources */,
				7F52708A1F134CE90020A112 /* Frameworks */,
				7F52708B1F134CE90020A112 /* Resources */,
			);
			buildRules = (
			);
			dependencies = (
				7F52708F1F134CE90020A112 /* PBXTargetDependency */,
			);
			name = FFAnimatedImageDemoUITests;
			productName = FFAnimatedImageDemoUITests;
			productReference = 7F52708D1F134CE90020A112 /* FFAnimatedImageDemoUITests.xctest */;
			productType = "com.apple.product-type.bundle.ui-testing";
		};
/* End PBXNativeTarget section */

/* Begin PBXProject section */
		7F5270611F134CE90020A112 /* Project object */ = {
			isa = PBXProject;
			attributes = {
				LastUpgradeCheck = 0830;
				ORGANIZATIONNAME = yafengxn;
				TargetAttributes = {
					7F5270681F134CE90020A112 = {
						CreatedOnToolsVersion = 8.3.2;
						ProvisioningStyle = Automatic;
					};
					7F5270811F134CE90020A112 = {
						CreatedOnToolsVersion = 8.3.2;
						ProvisioningStyle = Automatic;
						TestTargetID = 7F5270681F134CE90020A112;
					};
					7F52708C1F134CE90020A112 = {
						CreatedOnToolsVersion = 8.3.2;
						ProvisioningStyle = Automatic;
						TestTargetID = 7F5270681F134CE90020A112;
					};
				};
			};
			buildConfigurationList = 7F5270641F134CE90020A112 /* Build configuration list for PBXProject "FFAnimatedImageDemo" */;
			compatibilityVersion = "Xcode 3.2";
			developmentRegion = English;
			hasScannedForEncodings = 0;
			knownRegions = (
				en,
				Base,
			);
			mainGroup = 7F5270601F134CE90020A112;
			productRefGroup = 7F52706A1F134CE90020A112 /* Products */;
			projectDirPath = "";
			projectRoot = "";
			targets = (
				7F5270681F134CE90020A112 /* FFAnimatedImageDemo */,
				7F5270811F134CE90020A112 /* FFAnimatedImageDemoTests */,
				7F52708C1F134CE90020A112 /* FFAnimatedImageDemoUITests */,
			);
		};
/* End PBXProject section */

/* Begin PBXResourcesBuildPhase section */
		7F5270671F134CE90020A112 /* Resources */ = {
			isa = PBXResourcesBuildPhase;
			buildActionMask = 2147483647;
			files = (
				7F52707C1F134CE90020A112 /* LaunchScreen.storyboard in Resources */,
				7F5270791F134CE90020A112 /* Assets.xcassets in Resources */,
				7F5270771F134CE90020A112 /* Main.storyboard in Resources */,
			);
			runOnlyForDeploymentPostprocessing = 0;
		};
		7F5270801F134CE90020A112 /* Resources */ = {
			isa = PBXResourcesBuildPhase;
			buildActionMask = 2147483647;
			files = (
			);
			runOnlyForDeploymentPostprocessing = 0;
		};
		7F52708B1F134CE90020A112 /* Resources */ = {
			isa = PBXResourcesBuildPhase;
			buildActionMask = 2147483647;
			files = (
			);
			runOnlyForDeploymentPostprocessing = 0;
		};
/* End PBXResourcesBuildPhase section */

/* Begin PBXSourcesBuildPhase section */
		7F5270651F134CE90020A112 /* Sources */ = {
			isa = PBXSourcesBuildPhase;
			buildActionMask = 2147483647;
			files = (
				7F5271261F160A7F0020A112 /* FFImageDecoder.m in Sources */,
				7F5271231F15FEB90020A112 /* FFImage.m in Sources */,
				7F5270741F134CE90020A112 /* ViewController.m in Sources */,
				7F5270A21F134D8B0020A112 /* FFAnimatedImageView.m in Sources */,
				7F5270711F134CE90020A112 /* AppDelegate.m in Sources */,
				7F52706E1F134CE90020A112 /* main.m in Sources */,
			);
			runOnlyForDeploymentPostprocessing = 0;
		};
		7F52707E1F134CE90020A112 /* Sources */ = {
			isa = PBXSourcesBuildPhase;
			buildActionMask = 2147483647;
			files = (
				7F5270871F134CE90020A112 /* FFAnimatedImageDemoTests.m in Sources */,
			);
			runOnlyForDeploymentPostprocessing = 0;
		};
		7F5270891F134CE90020A112 /* Sources */ = {
			isa = PBXSourcesBuildPhase;
			buildActionMask = 2147483647;
			files = (
				7F5270921F134CE90020A112 /* FFAnimatedImageDemoUITests.m in Sources */,
			);
			runOnlyForDeploymentPostprocessing = 0;
		};
/* End PBXSourcesBuildPhase section */

/* Begin PBXTargetDependency section */
		7F5270841F134CE90020A112 /* PBXTargetDependency */ = {
			isa = PBXTargetDependency;
			target = 7F5270681F134CE90020A112 /* FFAnimatedImageDemo */;
			targetProxy = 7F5270831F134CE90020A112 /* PBXContainerItemProxy */;
		};
		7F52708F1F134CE90020A112 /* PBXTargetDependency */ = {
			isa = PBXTargetDependency;
			target = 7F5270681F134CE90020A112 /* FFAnimatedImageDemo */;
			targetProxy = 7F52708E1F134CE90020A112 /* PBXContainerItemProxy */;
		};
/* End PBXTargetDependency section */

/* Begin PBXVariantGroup section */
		7F5270751F134CE90020A112 /* Main.storyboard */ = {
			isa = PBXVariantGroup;
			children = (
				7F5270761F134CE90020A112 /* Base */,
			);
			name = Main.storyboard;
			sourceTree = "<group>";
		};
		7F52707A1F134CE90020A112 /* LaunchScreen.storyboard */ = {
			isa = PBXVariantGroup;
			children = (
				7F52707B1F134CE90020A112 /* Base */,
			);
			name = LaunchScreen.storyboard;
			sourceTree = "<group>";
		};
/* End PBXVariantGroup section */

/* Begin XCBuildConfiguration section */
		7F5270941F134CE90020A112 /* Debug */ = {
			isa = XCBuildConfiguration;
			buildSettings = {
				ALWAYS_SEARCH_USER_PATHS = NO;
				CLANG_ANALYZER_NONNULL = YES;
				CLANG_ANALYZER_NUMBER_OBJECT_CONVERSION = YES_AGGRESSIVE;
				CLANG_CXX_LANGUAGE_STANDARD = "gnu++0x";
				CLANG_CXX_LIBRARY = "libc++";
				CLANG_ENABLE_MODULES = YES;
				CLANG_ENABLE_OBJC_ARC = YES;
				CLANG_WARN_BOOL_CONVERSION = YES;
				CLANG_WARN_CONSTANT_CONVERSION = YES;
				CLANG_WARN_DIRECT_OBJC_ISA_USAGE = YES_ERROR;
				CLANG_WARN_DOCUMENTATION_COMMENTS = YES;
				CLANG_WARN_EMPTY_BODY = YES;
				CLANG_WARN_ENUM_CONVERSION = YES;
				CLANG_WARN_INFINITE_RECURSION = YES;
				CLANG_WARN_INT_CONVERSION = YES;
				CLANG_WARN_OBJC_ROOT_CLASS = YES_ERROR;
				CLANG_WARN_SUSPICIOUS_MOVE = YES;
				CLANG_WARN_UNREACHABLE_CODE = YES;
				CLANG_WARN__DUPLICATE_METHOD_MATCH = YES;
				"CODE_SIGN_IDENTITY[sdk=iphoneos*]" = "iPhone Developer";
				COPY_PHASE_STRIP = NO;
				DEBUG_INFORMATION_FORMAT = dwarf;
				ENABLE_STRICT_OBJC_MSGSEND = YES;
				ENABLE_TESTABILITY = YES;
				GCC_C_LANGUAGE_STANDARD = gnu99;
				GCC_DYNAMIC_NO_PIC = NO;
				GCC_NO_COMMON_BLOCKS = YES;
				GCC_OPTIMIZATION_LEVEL = 0;
				GCC_PREPROCESSOR_DEFINITIONS = (
					"DEBUG=1",
					"$(inherited)",
				);
				GCC_WARN_64_TO_32_BIT_CONVERSION = YES;
				GCC_WARN_ABOUT_RETURN_TYPE = YES_ERROR;
				GCC_WARN_UNDECLARED_SELECTOR = YES;
				GCC_WARN_UNINITIALIZED_AUTOS = YES_AGGRESSIVE;
				GCC_WARN_UNUSED_FUNCTION = YES;
				GCC_WARN_UNUSED_VARIABLE = YES;
				IPHONEOS_DEPLOYMENT_TARGET = 10.3;
				MTL_ENABLE_DEBUG_INFO = YES;
				ONLY_ACTIVE_ARCH = YES;
				SDKROOT = iphoneos;
				TARGETED_DEVICE_FAMILY = "1,2";
			};
			name = Debug;
		};
		7F5270951F134CE90020A112 /* Release */ = {
			isa = XCBuildConfiguration;
			buildSettings = {
				ALWAYS_SEARCH_USER_PATHS = NO;
				CLANG_ANALYZER_NONNULL = YES;
				CLANG_ANALYZER_NUMBER_OBJECT_CONVERSION = YES_AGGRESSIVE;
				CLANG_CXX_LANGUAGE_STANDARD = "gnu++0x";
				CLANG_CXX_LIBRARY = "libc++";
				CLANG_ENABLE_MODULES = YES;
				CLANG_ENABLE_OBJC_ARC = YES;
				CLANG_WARN_BOOL_CONVERSION = YES;
				CLANG_WARN_CONSTANT_CONVERSION = YES;
				CLANG_WARN_DIRECT_OBJC_ISA_USAGE = YES_ERROR;
				CLANG_WARN_DOCUMENTATION_COMMENTS = YES;
				CLANG_WARN_EMPTY_BODY = YES;
				CLANG_WARN_ENUM_CONVERSION = YES;
				CLANG_WARN_INFINITE_RECURSION = YES;
				CLANG_WARN_INT_CONVERSION = YES;
				CLANG_WARN_OBJC_ROOT_CLASS = YES_ERROR;
				CLANG_WARN_SUSPICIOUS_MOVE = YES;
				CLANG_WARN_UNREACHABLE_CODE = YES;
				CLANG_WARN__DUPLICATE_METHOD_MATCH = YES;
				"CODE_SIGN_IDENTITY[sdk=iphoneos*]" = "iPhone Developer";
				COPY_PHASE_STRIP = NO;
				DEBUG_INFORMATION_FORMAT = "dwarf-with-dsym";
				ENABLE_NS_ASSERTIONS = NO;
				ENABLE_STRICT_OBJC_MSGSEND = YES;
				GCC_C_LANGUAGE_STANDARD = gnu99;
				GCC_NO_COMMON_BLOCKS = YES;
				GCC_WARN_64_TO_32_BIT_CONVERSION = YES;
				GCC_WARN_ABOUT_RETURN_TYPE = YES_ERROR;
				GCC_WARN_UNDECLARED_SELECTOR = YES;
				GCC_WARN_UNINITIALIZED_AUTOS = YES_AGGRESSIVE;
				GCC_WARN_UNUSED_FUNCTION = YES;
				GCC_WARN_UNUSED_VARIABLE = YES;
				IPHONEOS_DEPLOYMENT_TARGET = 10.3;
				MTL_ENABLE_DEBUG_INFO = NO;
				SDKROOT = iphoneos;
				TARGETED_DEVICE_FAMILY = "1,2";
				VALIDATE_PRODUCT = YES;
			};
			name = Release;
		};
		7F5270971F134CE90020A112 /* Debug */ = {
			isa = XCBuildConfiguration;
			buildSettings = {
				ASSETCATALOG_COMPILER_APPICON_NAME = AppIcon;
				INFOPLIST_FILE = FFAnimatedImageDemo/Info.plist;
				LD_RUNPATH_SEARCH_PATHS = "$(inherited) @executable_path/Frameworks";
				PRODUCT_BUNDLE_IDENTIFIER = yidao.FFAnimatedImageDemo;
				PRODUCT_NAME = "$(TARGET_NAME)";
			};
			name = Debug;
		};
		7F5270981F134CE90020A112 /* Release */ = {
			isa = XCBuildConfiguration;
			buildSettings = {
				ASSETCATALOG_COMPILER_APPICON_NAME = AppIcon;
				INFOPLIST_FILE = FFAnimatedImageDemo/Info.plist;
				LD_RUNPATH_SEARCH_PATHS = "$(inherited) @executable_path/Frameworks";
				PRODUCT_BUNDLE_IDENTIFIER = yidao.FFAnimatedImageDemo;
				PRODUCT_NAME = "$(TARGET_NAME)";
			};
			name = Release;
		};
		7F52709A1F134CE90020A112 /* Debug */ = {
			isa = XCBuildConfiguration;
			buildSettings = {
				BUNDLE_LOADER = "$(TEST_HOST)";
				INFOPLIST_FILE = FFAnimatedImageDemoTests/Info.plist;
				LD_RUNPATH_SEARCH_PATHS = "$(inherited) @executable_path/Frameworks @loader_path/Frameworks";
				PRODUCT_BUNDLE_IDENTIFIER = yidao.FFAnimatedImageDemoTests;
				PRODUCT_NAME = "$(TARGET_NAME)";
				TEST_HOST = "$(BUILT_PRODUCTS_DIR)/FFAnimatedImageDemo.app/FFAnimatedImageDemo";
			};
			name = Debug;
		};
		7F52709B1F134CE90020A112 /* Release */ = {
			isa = XCBuildConfiguration;
			buildSettings = {
				BUNDLE_LOADER = "$(TEST_HOST)";
				INFOPLIST_FILE = FFAnimatedImageDemoTests/Info.plist;
				LD_RUNPATH_SEARCH_PATHS = "$(inherited) @executable_path/Frameworks @loader_path/Frameworks";
				PRODUCT_BUNDLE_IDENTIFIER = yidao.FFAnimatedImageDemoTests;
				PRODUCT_NAME = "$(TARGET_NAME)";
				TEST_HOST = "$(BUILT_PRODUCTS_DIR)/FFAnimatedImageDemo.app/FFAnimatedImageDemo";
			};
			name = Release;
		};
		7F52709D1F134CE90020A112 /* Debug */ = {
			isa = XCBuildConfiguration;
			buildSettings = {
				INFOPLIST_FILE = FFAnimatedImageDemoUITests/Info.plist;
				LD_RUNPATH_SEARCH_PATHS = "$(inherited) @executable_path/Frameworks @loader_path/Frameworks";
				PRODUCT_BUNDLE_IDENTIFIER = yidao.FFAnimatedImageDemoUITests;
				PRODUCT_NAME = "$(TARGET_NAME)";
				TEST_TARGET_NAME = FFAnimatedImageDemo;
			};
			name = Debug;
		};
		7F52709E1F134CE90020A112 /* Release */ = {
			isa = XCBuildConfiguration;
			buildSettings = {
				INFOPLIST_FILE = FFAnimatedImageDemoUITests/Info.plist;
				LD_RUNPATH_SEARCH_PATHS = "$(inherited) @executable_path/Frameworks @loader_path/Frameworks";
				PRODUCT_BUNDLE_IDENTIFIER = yidao.FFAnimatedImageDemoUITests;
				PRODUCT_NAME = "$(TARGET_NAME)";
				TEST_TARGET_NAME = FFAnimatedImageDemo;
			};
			name = Release;
		};
/* End XCBuildConfiguration section */

/* Begin XCConfigurationList section */
		7F5270641F134CE90020A112 /* Build configuration list for PBXProject "FFAnimatedImageDemo" */ = {
			isa = XCConfigurationList;
			buildConfigurations = (
				7F5270941F134CE90020A112 /* Debug */,
				7F5270951F134CE90020A112 /* Release */,
			);
			defaultConfigurationIsVisible = 0;
			defaultConfigurationName = Release;
		};
		7F5270961F134CE90020A112 /* Build configuration list for PBXNativeTarget "FFAnimatedImageDemo" */ = {
			isa = XCConfigurationList;
			buildConfigurations = (
				7F5270971F134CE90020A112 /* Debug */,
				7F5270981F134CE90020A112 /* Release */,
			);
			defaultConfigurationIsVisible = 0;
		};
		7F5270991F134CE90020A112 /* Build configuration list for PBXNativeTarget "FFAnimatedImageDemoTests" */ = {
			isa = XCConfigurationList;
			buildConfigurations = (
				7F52709A1F134CE90020A112 /* Debug */,
				7F52709B1F134CE90020A112 /* Release */,
			);
			defaultConfigurationIsVisible = 0;
		};
		7F52709C1F134CE90020A112 /* Build configuration list for PBXNativeTarget "FFAnimatedImageDemoUITests" */ = {
			isa = XCConfigurationList;
			buildConfigurations = (
				7F52709D1F134CE90020A112 /* Debug */,
				7F52709E1F134CE90020A112 /* Release */,
			);
			defaultConfigurationIsVisible = 0;
		};
/* End XCConfigurationList section */
	};
	rootObject = 7F5270611F134CE90020A112 /* Project object */;
}
